
Microsoft Visual Studio Solution File, Format Version 12.00
# Visual Studio Version 16
VisualStudioVersion = 16.0.30711.63
MinimumVisualStudioVersion = 10.0.40219.1
Project("{FAE04EC0-301F-11D3-BF4B-00C04F79EFBC}") = "m121rechner", "m121rechner\m121rechner.csproj", "{3E01B39D-16F7-427C-A8C5-B7B6CFB81839}"
EndProject
Global
	GlobalSection(SolutionConfigurationPlatforms) = preSolution
		Debug|Any CPU = Debug|Any CPU
		Release|Any CPU = Release|Any CPU
	EndGlobalSection
	GlobalSection(ProjectConfigurationPlatforms) = postSolution
		{3E01B39D-16F7-427C-A8C5-B7B6CFB81839}.Debug|Any CPU.ActiveCfg = Debug|Any CPU
		{3E01B39D-16F7-427C-A8C5-B7B6CFB81839}.Debug|Any CPU.Build.0 = Debug|Any CPU
		{3E01B39D-16F7-427C-A8C5-B7B6CFB81839}.Release|Any CPU.ActiveCfg = Release|Any CPU
		{3E01B39D-16F7-427C-A8C5-B7B6CFB81839}.Release|Any CPU.Build.0 = Release|Any CPU
	EndGlobalSection
	GlobalSection(SolutionProperties) = preSolution
		HideSolutionNode = FALSE
	EndGlobalSection
	GlobalSection(ExtensibilityGlobals) = postSolution
		SolutionGuid = {D0906148-5551-4E20-B200-4FBDAF7E84B0}
	EndGlobalSection
EndGlobal
